
Microsoft Visual Studio Solution File, Format Version 12.00
# Visual Studio 15
VisualStudioVersion = 15.0.27130.2003
MinimumVisualStudioVersion = 10.0.40219.1
Project("{FAE04EC0-301F-11D3-BF4B-00C04F79EFBC}") = "DAL", "DAL\DAL.csproj", "{78B65F8B-5E0E-45C5-A2EC-9489CF4FE735}"
EndProject
Project("{FAE04EC0-301F-11D3-BF4B-00C04F79EFBC}") = "HappyLibraryMVC", "HappyLibraryMVC\HappyLibraryMVC.csproj", "{203E878E-EEB2-4B15-A6B3-A2E4D95D5CCD}"
EndProject
Project("{FAE04EC0-301F-11D3-BF4B-00C04F79EFBC}") = "Repositories", "Repositories\Repositories.csproj", "{89CCA538-9445-43E4-A6CA-4E441892DC60}"
EndProject
Project("{FAE04EC0-301F-11D3-BF4B-00C04F79EFBC}") = "BLL", "BLL\BLL.csproj", "{0D5968EE-13F4-4DF2-B02D-5DAA9E322D98}"
EndProject
Global
	GlobalSection(SolutionConfigurationPlatforms) = preSolution
		Debug|Any CPU = Debug|Any CPU
		Release|Any CPU = Release|Any CPU
	EndGlobalSection
	GlobalSection(ProjectConfigurationPlatforms) = postSolution
		{78B65F8B-5E0E-45C5-A2EC-9489CF4FE735}.Debug|Any CPU.ActiveCfg = Debug|Any CPU
		{78B65F8B-5E0E-45C5-A2EC-9489CF4FE735}.Debug|Any CPU.Build.0 = Debug|Any CPU
		{78B65F8B-5E0E-45C5-A2EC-9489CF4FE735}.Release|Any CPU.ActiveCfg = Release|Any CPU
		{78B65F8B-5E0E-45C5-A2EC-9489CF4FE735}.Release|Any CPU.Build.0 = Release|Any CPU
		{203E878E-EEB2-4B15-A6B3-A2E4D95D5CCD}.Debug|Any CPU.ActiveCfg = Debug|Any CPU
		{203E878E-EEB2-4B15-A6B3-A2E4D95D5CCD}.Debug|Any CPU.Build.0 = Debug|Any CPU
		{203E878E-EEB2-4B15-A6B3-A2E4D95D5CCD}.Release|Any CPU.ActiveCfg = Release|Any CPU
		{203E878E-EEB2-4B15-A6B3-A2E4D95D5CCD}.Release|Any CPU.Build.0 = Release|Any CPU
		{89CCA538-9445-43E4-A6CA-4E441892DC60}.Debug|Any CPU.ActiveCfg = Debug|Any CPU
		{89CCA538-9445-43E4-A6CA-4E441892DC60}.Debug|Any CPU.Build.0 = Debug|Any CPU
		{89CCA538-9445-43E4-A6CA-4E441892DC60}.Release|Any CPU.ActiveCfg = Release|Any CPU
		{89CCA538-9445-43E4-A6CA-4E441892DC60}.Release|Any CPU.Build.0 = Release|Any CPU
		{0D5968EE-13F4-4DF2-B02D-5DAA9E322D98}.Debug|Any CPU.ActiveCfg = Debug|Any CPU
		{0D5968EE-13F4-4DF2-B02D-5DAA9E322D98}.Debug|Any CPU.Build.0 = Debug|Any CPU
		{0D5968EE-13F4-4DF2-B02D-5DAA9E322D98}.Release|Any CPU.ActiveCfg = Release|Any CPU
		{0D5968EE-13F4-4DF2-B02D-5DAA9E322D98}.Release|Any CPU.Build.0 = Release|Any CPU
	EndGlobalSection
	GlobalSection(SolutionProperties) = preSolution
		HideSolutionNode = FALSE
	EndGlobalSection
	GlobalSection(ExtensibilityGlobals) = postSolution
		SolutionGuid = {F1347D55-F48A-463D-8D7D-0673E3433EFD}
	EndGlobalSection
EndGlobal
